<Solution>
  <Folder Name="/AuditService/">
    <Project Path="AuditService/AuditService.Domain/AuditService.Domain.csproj" />
    <Project Path="AuditService/AuditService.Infrastructure/AuditService.Infrastructure.csproj" />
    <Project Path="AuditService/AuditService.IntegrationTests/AuditService.IntegrationTests.csproj" />
    <Project Path="AuditService/AuditService.Web/AuditService.Web.csproj" />
  </Folder>
  <Folder Name="/AuthService/">
    <Project Path="AuthService/AuthService.Application/AuthService.Application.csproj" />
    <Project Path="AuthService/AuthService.Contracts/AuthService.Contracts.csproj" />
    <Project Path="AuthService/AuthService.Domain/AuthService.Domain.csproj" />
    <Project Path="AuthService/AuthService.Infrastructure.Postgres/AuthService.Infrastructure.Postgres.csproj" />
    <Project Path="AuthService/AuthService.IntegrationTests/AuthService.IntegrationTests.csproj" />
    <Project Path="AuthService/AuthService.Web/AuthService.Web.csproj" />
  </Folder>
  <Folder Name="/DirectoryService/">
    <Project Path="DirectoryService/DirectoryService.Application/DirectoryService.Application.csproj" />
    <Project Path="DirectoryService/DirectoryService.Contracts/DirectoryService.Contracts.csproj" />
    <Project Path="DirectoryService/DirectoryService.Domain/DirectoryService.Domain.csproj" />
    <Project Path="DirectoryService/DirectoryService.Infrastructure.Postgres/DirectoryService.Infrastructure.Postgres.csproj" />
    <Project Path="DirectoryService/DirectoryService.IntegrationTests/DirectoryService.IntegrationTests.csproj" />
    <Project Path="DirectoryService/DirectoryService/DirectoryService.csproj" />
  </Folder>
  <Folder Name="/EmployeeService/">
    <Project Path="EmployeeService/EmployeeService.Application/EmployeeService.Application.csproj" />
    <Project Path="EmployeeService/EmployeeService.Contracts/EmployeeService.Contracts.csproj" />
    <Project Path="EmployeeService/EmployeeService.Domain/EmployeeService.Domain.csproj" />
    <Project Path="EmployeeService/EmployeeService.Infrastructure.DirectoryGrpc/EmployeeService.Infrastructure.DirectoryGrpc.csproj" />
    <Project Path="EmployeeService/EmployeeService.Infrastructure.Postgres/EmployeeService.Infrastructure.Postgres.csproj" />
    <Project Path="EmployeeService/EmployeeService.IntegrationTests/EmployeeService.IntegrationTests.csproj" />
    <Project Path="EmployeeService/EmployeeService.Web/EmployeeService.Web.csproj" />
  </Folder>
  <Project Path="McpServer/McpServer.csproj" />
  <Project Path="NotificationService/NotificationService.csproj" />
  <Project Path="Shared/Shared.csproj" />
</Solution>
